{
  "version": 4,
  "terraform_version": "1.13.4",
  "serial": 1,
  "lineage": "c790b78e-14f4-5c13-b7f7-0e33f00c2ffb",
  "outputs": {},
  "resources": [
    {
      "mode": "managed",
      "type": "docker_image",
      "name": "app",
      "provider": "provider[\"registry.terraform.io/kreuzwerker/docker\"]",
      "instances": [
        {
          "schema_version": 0,
          "attributes": {
            "build": [],
            "force_remove": null,
            "id": "sha256:ff15e80be861655d8eaf4fe97b2b83d7003c34119848f2febd31bd84406c92bbpython:3.11-slim",
            "image_id": "sha256:ff15e80be861655d8eaf4fe97b2b83d7003c34119848f2febd31bd84406c92bb",
            "keep_locally": null,
            "name": "python:3.11-slim",
            "platform": null,
            "pull_triggers": null,
            "repo_digest": "python@sha256:8eb5fc663972b871c528fef04be4eaa9ab8ab4539a5316c4b8c133771214a617",
            "timeouts": null,
            "triggers": null
          },
          "sensitive_attributes": [],
          "identity_schema_version": 0,
          "private": "eyJlMmJmYjczMC1lY2FhLTExZTYtOGY4OC0zNDM2M2JjN2M0YzAiOnsiY3JlYXRlIjoxMjAwMDAwMDAwMDAwLCJkZWxldGUiOjEyMDAwMDAwMDAwMDAsInVwZGF0ZSI6MTIwMDAwMDAwMDAwMH19"
        }
      ]
    }
  ],
  "check_results": null
}
